
Microsoft Visual Studio Solution File, Format Version 12.00
# Visual Studio Version 16
VisualStudioVersion = 16.0.29926.136
MinimumVisualStudioVersion = 10.0.40219.1
Project("{8BC9CEB8-8B4A-11D0-8D11-00A0C91BC942}") = "1.1-Getting Started", "ANSI C.vcxproj", "{E2259BAB-1914-42AE-B7C6-E2AE69D9AA81}"
EndProject
Project("{8BC9CEB8-8B4A-11D0-8D11-00A0C91BC942}") = "1.2-Variables And Arithmetic Expressions", "..\1.2-Variables And Arithmetic Expressions\1.2-Variables And Arithmetic Expressions.vcxproj", "{B2F3D634-8DFA-47E9-960D-B9793C74B80E}"
EndProject
Project("{8BC9CEB8-8B4A-11D0-8D11-00A0C91BC942}") = "Stack", "..\Stack\Stack.vcxproj", "{7FA90056-B4B6-4ACD-AEBE-7933B9A868CA}"
EndProject
Project("{8BC9CEB8-8B4A-11D0-8D11-00A0C91BC942}") = "BubbleSort", "..\BubbleSort\BubbleSort.vcxproj", "{1AD49367-E08D-455D-8AC8-4B5521058D31}"
EndProject
Project("{8BC9CEB8-8B4A-11D0-8D11-00A0C91BC942}") = "BinarySearch", "..\BinarySearch\BinarySearch.vcxproj", "{5E7698F1-189A-4496-8B81-D557987BF9BE}"
EndProject
Project("{8BC9CEB8-8B4A-11D0-8D11-00A0C91BC942}") = "Lexer", "..\Lexer\Lexer.vcxproj", "{B023F062-7B13-4A7E-A885-CC2AF7EC0B87}"
EndProject
Project("{8BC9CEB8-8B4A-11D0-8D11-00A0C91BC942}") = "ReverseString", "..\ReverseString\ReverseString.vcxproj", "{B0758B93-45A1-49DA-8E29-D9FE77EC1FEE}"
EndProject
Project("{8BC9CEB8-8B4A-11D0-8D11-00A0C91BC942}") = "Recursion", "..\Recursion\Recursion.vcxproj", "{1A9174FB-A768-44B6-8111-A37868993306}"
EndProject
Project("{8BC9CEB8-8B4A-11D0-8D11-00A0C91BC942}") = "BuiltFunction", "..\BuiltFunction\BuiltFunction.vcxproj", "{C7AC42BE-2153-44E0-94EB-8146CCAAF343}"
EndProject
Project("{8BC9CEB8-8B4A-11D0-8D11-00A0C91BC942}") = "Pointers", "..\Pointers\Pointers.vcxproj", "{92255495-045A-45F8-A85F-37660B100ABC}"
EndProject
Project("{8BC9CEB8-8B4A-11D0-8D11-00A0C91BC942}") = "Fibbonacci", "..\Fibbonacci\Fibbonacci.vcxproj", "{321BDADA-8CAB-40F0-8F4A-2AE9F3AC7E48}"
EndProject
Project("{FAE04EC0-301F-11D3-BF4B-00C04F79EFBC}") = "TestNET", "..\TestNET\TestNET.csproj", "{F22FFFE3-93DD-4A0B-BEE0-25CCB1D7BE1D}"
EndProject
Global
	GlobalSection(SolutionConfigurationPlatforms) = preSolution
		Debug|Any CPU = Debug|Any CPU
		Debug|x64 = Debug|x64
		Debug|x86 = Debug|x86
		Release|Any CPU = Release|Any CPU
		Release|x64 = Release|x64
		Release|x86 = Release|x86
	EndGlobalSection
	GlobalSection(ProjectConfigurationPlatforms) = postSolution
		{E2259BAB-1914-42AE-B7C6-E2AE69D9AA81}.Debug|Any CPU.ActiveCfg = Debug|Win32
		{E2259BAB-1914-42AE-B7C6-E2AE69D9AA81}.Debug|x64.ActiveCfg = Debug|x64
		{E2259BAB-1914-42AE-B7C6-E2AE69D9AA81}.Debug|x64.Build.0 = Debug|x64
		{E2259BAB-1914-42AE-B7C6-E2AE69D9AA81}.Debug|x86.ActiveCfg = Debug|Win32
		{E2259BAB-1914-42AE-B7C6-E2AE69D9AA81}.Debug|x86.Build.0 = Debug|Win32
		{E2259BAB-1914-42AE-B7C6-E2AE69D9AA81}.Release|Any CPU.ActiveCfg = Release|Win32
		{E2259BAB-1914-42AE-B7C6-E2AE69D9AA81}.Release|x64.ActiveCfg = Release|x64
		{E2259BAB-1914-42AE-B7C6-E2AE69D9AA81}.Release|x64.Build.0 = Release|x64
		{E2259BAB-1914-42AE-B7C6-E2AE69D9AA81}.Release|x86.ActiveCfg = Release|Win32
		{E2259BAB-1914-42AE-B7C6-E2AE69D9AA81}.Release|x86.Build.0 = Release|Win32
		{B2F3D634-8DFA-47E9-960D-B9793C74B80E}.Debug|Any CPU.ActiveCfg = Debug|Win32
		{B2F3D634-8DFA-47E9-960D-B9793C74B80E}.Debug|x64.ActiveCfg = Debug|x64
		{B2F3D634-8DFA-47E9-960D-B9793C74B80E}.Debug|x64.Build.0 = Debug|x64
		{B2F3D634-8DFA-47E9-960D-B9793C74B80E}.Debug|x86.ActiveCfg = Debug|Win32
		{B2F3D634-8DFA-47E9-960D-B9793C74B80E}.Debug|x86.Build.0 = Debug|Win32
		{B2F3D634-8DFA-47E9-960D-B9793C74B80E}.Release|Any CPU.ActiveCfg = Release|Win32
		{B2F3D634-8DFA-47E9-960D-B9793C74B80E}.Release|x64.ActiveCfg = Release|x64
		{B2F3D634-8DFA-47E9-960D-B9793C74B80E}.Release|x64.Build.0 = Release|x64
		{B2F3D634-8DFA-47E9-960D-B9793C74B80E}.Release|x86.ActiveCfg = Release|Win32
		{B2F3D634-8DFA-47E9-960D-B9793C74B80E}.Release|x86.Build.0 = Release|Win32
		{7FA90056-B4B6-4ACD-AEBE-7933B9A868CA}.Debug|Any CPU.ActiveCfg = Debug|Win32
		{7FA90056-B4B6-4ACD-AEBE-7933B9A868CA}.Debug|x64.ActiveCfg = Debug|x64
		{7FA90056-B4B6-4ACD-AEBE-7933B9A868CA}.Debug|x64.Build.0 = Debug|x64
		{7FA90056-B4B6-4ACD-AEBE-7933B9A868CA}.Debug|x86.ActiveCfg = Debug|Win32
		{7FA90056-B4B6-4ACD-AEBE-7933B9A868CA}.Debug|x86.Build.0 = Debug|Win32
		{7FA90056-B4B6-4ACD-AEBE-7933B9A868CA}.Release|Any CPU.ActiveCfg = Release|Win32
		{7FA90056-B4B6-4ACD-AEBE-7933B9A868CA}.Release|x64.ActiveCfg = Release|x64
		{7FA90056-B4B6-4ACD-AEBE-7933B9A868CA}.Release|x64.Build.0 = Release|x64
		{7FA90056-B4B6-4ACD-AEBE-7933B9A868CA}.Release|x86.ActiveCfg = Release|Win32
		{7FA90056-B4B6-4ACD-AEBE-7933B9A868CA}.Release|x86.Build.0 = Release|Win32
		{1AD49367-E08D-455D-8AC8-4B5521058D31}.Debug|Any CPU.ActiveCfg = Debug|Win32
		{1AD49367-E08D-455D-8AC8-4B5521058D31}.Debug|x64.ActiveCfg = Debug|x64
		{1AD49367-E08D-455D-8AC8-4B5521058D31}.Debug|x64.Build.0 = Debug|x64
		{1AD49367-E08D-455D-8AC8-4B5521058D31}.Debug|x86.ActiveCfg = Debug|Win32
		{1AD49367-E08D-455D-8AC8-4B5521058D31}.Debug|x86.Build.0 = Debug|Win32
		{1AD49367-E08D-455D-8AC8-4B5521058D31}.Release|Any CPU.ActiveCfg = Release|Win32
		{1AD49367-E08D-455D-8AC8-4B5521058D31}.Release|x64.ActiveCfg = Release|x64
		{1AD49367-E08D-455D-8AC8-4B5521058D31}.Release|x64.Build.0 = Release|x64
		{1AD49367-E08D-455D-8AC8-4B5521058D31}.Release|x86.ActiveCfg = Release|Win32
		{1AD49367-E08D-455D-8AC8-4B5521058D31}.Release|x86.Build.0 = Release|Win32
		{5E7698F1-189A-4496-8B81-D557987BF9BE}.Debug|Any CPU.ActiveCfg = Debug|Win32
		{5E7698F1-189A-4496-8B81-D557987BF9BE}.Debug|x64.ActiveCfg = Debug|x64
		{5E7698F1-189A-4496-8B81-D557987BF9BE}.Debug|x64.Build.0 = Debug|x64
		{5E7698F1-189A-4496-8B81-D557987BF9BE}.Debug|x86.ActiveCfg = Debug|Win32
		{5E7698F1-189A-4496-8B81-D557987BF9BE}.Debug|x86.Build.0 = Debug|Win32
		{5E7698F1-189A-4496-8B81-D557987BF9BE}.Release|Any CPU.ActiveCfg = Release|Win32
		{5E7698F1-189A-4496-8B81-D557987BF9BE}.Release|x64.ActiveCfg = Release|x64
		{5E7698F1-189A-4496-8B81-D557987BF9BE}.Release|x64.Build.0 = Release|x64
		{5E7698F1-189A-4496-8B81-D557987BF9BE}.Release|x86.ActiveCfg = Release|Win32
		{5E7698F1-189A-4496-8B81-D557987BF9BE}.Release|x86.Build.0 = Release|Win32
		{B023F062-7B13-4A7E-A885-CC2AF7EC0B87}.Debug|Any CPU.ActiveCfg = Debug|Win32
		{B023F062-7B13-4A7E-A885-CC2AF7EC0B87}.Debug|x64.ActiveCfg = Debug|x64
		{B023F062-7B13-4A7E-A885-CC2AF7EC0B87}.Debug|x64.Build.0 = Debug|x64
		{B023F062-7B13-4A7E-A885-CC2AF7EC0B87}.Debug|x86.ActiveCfg = Debug|Win32
		{B023F062-7B13-4A7E-A885-CC2AF7EC0B87}.Debug|x86.Build.0 = Debug|Win32
		{B023F062-7B13-4A7E-A885-CC2AF7EC0B87}.Release|Any CPU.ActiveCfg = Release|Win32
		{B023F062-7B13-4A7E-A885-CC2AF7EC0B87}.Release|x64.ActiveCfg = Release|x64
		{B023F062-7B13-4A7E-A885-CC2AF7EC0B87}.Release|x64.Build.0 = Release|x64
		{B023F062-7B13-4A7E-A885-CC2AF7EC0B87}.Release|x86.ActiveCfg = Release|Win32
		{B023F062-7B13-4A7E-A885-CC2AF7EC0B87}.Release|x86.Build.0 = Release|Win32
		{B0758B93-45A1-49DA-8E29-D9FE77EC1FEE}.Debug|Any CPU.ActiveCfg = Debug|Win32
		{B0758B93-45A1-49DA-8E29-D9FE77EC1FEE}.Debug|x64.ActiveCfg = Debug|x64
		{B0758B93-45A1-49DA-8E29-D9FE77EC1FEE}.Debug|x64.Build.0 = Debug|x64
		{B0758B93-45A1-49DA-8E29-D9FE77EC1FEE}.Debug|x86.ActiveCfg = Debug|Win32
		{B0758B93-45A1-49DA-8E29-D9FE77EC1FEE}.Debug|x86.Build.0 = Debug|Win32
		{B0758B93-45A1-49DA-8E29-D9FE77EC1FEE}.Release|Any CPU.ActiveCfg = Release|Win32
		{B0758B93-45A1-49DA-8E29-D9FE77EC1FEE}.Release|x64.ActiveCfg = Release|x64
		{B0758B93-45A1-49DA-8E29-D9FE77EC1FEE}.Release|x64.Build.0 = Release|x64
		{B0758B93-45A1-49DA-8E29-D9FE77EC1FEE}.Release|x86.ActiveCfg = Release|Win32
		{B0758B93-45A1-49DA-8E29-D9FE77EC1FEE}.Release|x86.Build.0 = Release|Win32
		{1A9174FB-A768-44B6-8111-A37868993306}.Debug|Any CPU.ActiveCfg = Debug|Win32
		{1A9174FB-A768-44B6-8111-A37868993306}.Debug|x64.ActiveCfg = Debug|x64
		{1A9174FB-A768-44B6-8111-A37868993306}.Debug|x64.Build.0 = Debug|x64
		{1A9174FB-A768-44B6-8111-A37868993306}.Debug|x86.ActiveCfg = Debug|Win32
		{1A9174FB-A768-44B6-8111-A37868993306}.Debug|x86.Build.0 = Debug|Win32
		{1A9174FB-A768-44B6-8111-A37868993306}.Release|Any CPU.ActiveCfg = Release|Win32
		{1A9174FB-A768-44B6-8111-A37868993306}.Release|x64.ActiveCfg = Release|x64
		{1A9174FB-A768-44B6-8111-A37868993306}.Release|x64.Build.0 = Release|x64
		{1A9174FB-A768-44B6-8111-A37868993306}.Release|x86.ActiveCfg = Release|Win32
		{1A9174FB-A768-44B6-8111-A37868993306}.Release|x86.Build.0 = Release|Win32
		{C7AC42BE-2153-44E0-94EB-8146CCAAF343}.Debug|Any CPU.ActiveCfg = Debug|Win32
		{C7AC42BE-2153-44E0-94EB-8146CCAAF343}.Debug|x64.ActiveCfg = Debug|x64
		{C7AC42BE-2153-44E0-94EB-8146CCAAF343}.Debug|x64.Build.0 = Debug|x64
		{C7AC42BE-2153-44E0-94EB-8146CCAAF343}.Debug|x86.ActiveCfg = Debug|Win32
		{C7AC42BE-2153-44E0-94EB-8146CCAAF343}.Debug|x86.Build.0 = Debug|Win32
		{C7AC42BE-2153-44E0-94EB-8146CCAAF343}.Release|Any CPU.ActiveCfg = Release|Win32
		{C7AC42BE-2153-44E0-94EB-8146CCAAF343}.Release|x64.ActiveCfg = Release|x64
		{C7AC42BE-2153-44E0-94EB-8146CCAAF343}.Release|x64.Build.0 = Release|x64
		{C7AC42BE-2153-44E0-94EB-8146CCAAF343}.Release|x86.ActiveCfg = Release|Win32
		{C7AC42BE-2153-44E0-94EB-8146CCAAF343}.Release|x86.Build.0 = Release|Win32
		{92255495-045A-45F8-A85F-37660B100ABC}.Debug|Any CPU.ActiveCfg = Debug|Win32
		{92255495-045A-45F8-A85F-37660B100ABC}.Debug|x64.ActiveCfg = Debug|x64
		{92255495-045A-45F8-A85F-37660B100ABC}.Debug|x64.Build.0 = Debug|x64
		{92255495-045A-45F8-A85F-37660B100ABC}.Debug|x86.ActiveCfg = Debug|Win32
		{92255495-045A-45F8-A85F-37660B100ABC}.Debug|x86.Build.0 = Debug|Win32
		{92255495-045A-45F8-A85F-37660B100ABC}.Release|Any CPU.ActiveCfg = Release|Win32
		{92255495-045A-45F8-A85F-37660B100ABC}.Release|x64.ActiveCfg = Release|x64
		{92255495-045A-45F8-A85F-37660B100ABC}.Release|x64.Build.0 = Release|x64
		{92255495-045A-45F8-A85F-37660B100ABC}.Release|x86.ActiveCfg = Release|Win32
		{92255495-045A-45F8-A85F-37660B100ABC}.Release|x86.Build.0 = Release|Win32
		{321BDADA-8CAB-40F0-8F4A-2AE9F3AC7E48}.Debug|Any CPU.ActiveCfg = Debug|Win32
		{321BDADA-8CAB-40F0-8F4A-2AE9F3AC7E48}.Debug|x64.ActiveCfg = Debug|x64
		{321BDADA-8CAB-40F0-8F4A-2AE9F3AC7E48}.Debug|x64.Build.0 = Debug|x64
		{321BDADA-8CAB-40F0-8F4A-2AE9F3AC7E48}.Debug|x86.ActiveCfg = Debug|Win32
		{321BDADA-8CAB-40F0-8F4A-2AE9F3AC7E48}.Debug|x86.Build.0 = Debug|Win32
		{321BDADA-8CAB-40F0-8F4A-2AE9F3AC7E48}.Release|Any CPU.ActiveCfg = Release|Win32
		{321BDADA-8CAB-40F0-8F4A-2AE9F3AC7E48}.Release|x64.ActiveCfg = Release|x64
		{321BDADA-8CAB-40F0-8F4A-2AE9F3AC7E48}.Release|x64.Build.0 = Release|x64
		{321BDADA-8CAB-40F0-8F4A-2AE9F3AC7E48}.Release|x86.ActiveCfg = Release|Win32
		{321BDADA-8CAB-40F0-8F4A-2AE9F3AC7E48}.Release|x86.Build.0 = Release|Win32
		{F22FFFE3-93DD-4A0B-BEE0-25CCB1D7BE1D}.Debug|Any CPU.ActiveCfg = Debug|Any CPU
		{F22FFFE3-93DD-4A0B-BEE0-25CCB1D7BE1D}.Debug|Any CPU.Build.0 = Debug|Any CPU
		{F22FFFE3-93DD-4A0B-BEE0-25CCB1D7BE1D}.Debug|x64.ActiveCfg = Debug|Any CPU
		{F22FFFE3-93DD-4A0B-BEE0-25CCB1D7BE1D}.Debug|x64.Build.0 = Debug|Any CPU
		{F22FFFE3-93DD-4A0B-BEE0-25CCB1D7BE1D}.Debug|x86.ActiveCfg = Debug|Any CPU
		{F22FFFE3-93DD-4A0B-BEE0-25CCB1D7BE1D}.Debug|x86.Build.0 = Debug|Any CPU
		{F22FFFE3-93DD-4A0B-BEE0-25CCB1D7BE1D}.Release|Any CPU.ActiveCfg = Release|Any CPU
		{F22FFFE3-93DD-4A0B-BEE0-25CCB1D7BE1D}.Release|Any CPU.Build.0 = Release|Any CPU
		{F22FFFE3-93DD-4A0B-BEE0-25CCB1D7BE1D}.Release|x64.ActiveCfg = Release|Any CPU
		{F22FFFE3-93DD-4A0B-BEE0-25CCB1D7BE1D}.Release|x64.Build.0 = Release|Any CPU
		{F22FFFE3-93DD-4A0B-BEE0-25CCB1D7BE1D}.Release|x86.ActiveCfg = Release|Any CPU
		{F22FFFE3-93DD-4A0B-BEE0-25CCB1D7BE1D}.Release|x86.Build.0 = Release|Any CPU
	EndGlobalSection
	GlobalSection(SolutionProperties) = preSolution
		HideSolutionNode = FALSE
	EndGlobalSection
	GlobalSection(ExtensibilityGlobals) = postSolution
		SolutionGuid = {6B9D39F4-54D4-4742-82FD-59147EB12AEB}
	EndGlobalSection
EndGlobal
